
Microsoft Visual Studio Solution File, Format Version 11.00
# Visual Studio 2010
Project("{FAE04EC0-301F-11D3-BF4B-00C04F79EFBC}") = "Ibt.Ortc.Demo.SilverlightApplication", "Ibt.Ortc.Demo.SilverlightApplication.csproj", "{ADE134E0-50F6-45CC-BB7D-47376DF26E6B}"
EndProject
Global
	GlobalSection(SolutionConfigurationPlatforms) = preSolution
		Debug|Any CPU = Debug|Any CPU
		Release|Any CPU = Release|Any CPU
	EndGlobalSection
	GlobalSection(ProjectConfigurationPlatforms) = postSolution
		{ADE134E0-50F6-45CC-BB7D-47376DF26E6B}.Debug|Any CPU.ActiveCfg = Debug|Any CPU
		{ADE134E0-50F6-45CC-BB7D-47376DF26E6B}.Debug|Any CPU.Build.0 = Debug|Any CPU
		{ADE134E0-50F6-45CC-BB7D-47376DF26E6B}.Release|Any CPU.ActiveCfg = Release|Any CPU
		{ADE134E0-50F6-45CC-BB7D-47376DF26E6B}.Release|Any CPU.Build.0 = Release|Any CPU
	EndGlobalSection
	GlobalSection(SolutionProperties) = preSolution
		HideSolutionNode = FALSE
	EndGlobalSection
EndGlobal
