// !$*UTF8*$!
{
	archiveVersion = 1;
	classes = {
	};
	objectVersion = 46;
	objects = {

/* Begin PBXBuildFile section */
		0247088D156E36A200FB4BF3 /* base64.c in Sources */ = {isa = PBXBuildFile; fileRef = 02470886156E36A200FB4BF3 /* base64.c */; };
		0247088E156E36A200FB4BF3 /* NSData+SRB64Additions.m in Sources */ = {isa = PBXBuildFile; fileRef = 02470889156E36A200FB4BF3 /* NSData+SRB64Additions.m */; };
		0247088F156E36A200FB4BF3 /* SRWebSocket.m in Sources */ = {isa = PBXBuildFile; fileRef = 0247088C156E36A200FB4BF3 /* SRWebSocket.m */; };
		02470891156E373400FB4BF3 /* libicucore.dylib in Frameworks */ = {isa = PBXBuildFile; fileRef = 02470890156E373400FB4BF3 /* libicucore.dylib */; };
		0299E64415667A3300AFA253 /* UIKit.framework in Frameworks */ = {isa = PBXBuildFile; fileRef = 0299E64315667A3300AFA253 /* UIKit.framework */; };
		0299E64615667A3300AFA253 /* Foundation.framework in Frameworks */ = {isa = PBXBuildFile; fileRef = 0299E64515667A3300AFA253 /* Foundation.framework */; };
		0299E64815667A3300AFA253 /* CoreGraphics.framework in Frameworks */ = {isa = PBXBuildFile; fileRef = 0299E64715667A3300AFA253 /* CoreGraphics.framework */; };
		0299E64E15667A3300AFA253 /* InfoPlist.strings in Resources */ = {isa = PBXBuildFile; fileRef = 0299E64C15667A3300AFA253 /* InfoPlist.strings */; };
		0299E65015667A3300AFA253 /* main.m in Sources */ = {isa = PBXBuildFile; fileRef = 0299E64F15667A3300AFA253 /* main.m */; };
		0299E65415667A3300AFA253 /* AppDelegate.m in Sources */ = {isa = PBXBuildFile; fileRef = 0299E65315667A3300AFA253 /* AppDelegate.m */; };
		0299E65715667A3300AFA253 /* MainStoryboard.storyboard in Resources */ = {isa = PBXBuildFile; fileRef = 0299E65515667A3300AFA253 /* MainStoryboard.storyboard */; };
		0299E65A15667A3300AFA253 /* ViewController.m in Sources */ = {isa = PBXBuildFile; fileRef = 0299E65915667A3300AFA253 /* ViewController.m */; };
		0299E68515667AFE00AFA253 /* checkbox_not_ticked.png in Resources */ = {isa = PBXBuildFile; fileRef = 0299E68115667AFE00AFA253 /* checkbox_not_ticked.png */; };
		0299E68615667AFE00AFA253 /* checkbox_ticked.png in Resources */ = {isa = PBXBuildFile; fileRef = 0299E68215667AFE00AFA253 /* checkbox_ticked.png */; };
		0299E68715667AFE00AFA253 /* MICheckBox.m in Sources */ = {isa = PBXBuildFile; fileRef = 0299E68415667AFE00AFA253 /* MICheckBox.m */; };
		0299E6C41566861C00AFA253 /* Utils.m in Sources */ = {isa = PBXBuildFile; fileRef = 0299E6C31566861C00AFA253 /* Utils.m */; };
		0299E70E15668B0900AFA253 /* CFNetwork.framework in Frameworks */ = {isa = PBXBuildFile; fileRef = 0299E70D15668B0900AFA253 /* CFNetwork.framework */; };
		02C3F99D156D007B00E9A7AB /* Security.framework in Frameworks */ = {isa = PBXBuildFile; fileRef = 02C3F99C156D007B00E9A7AB /* Security.framework */; };
		917116931715DF10003D85A5 /* libOrtcClient.a in Frameworks */ = {isa = PBXBuildFile; fileRef = 917116921715DF10003D85A5 /* libOrtcClient.a */; };
/* End PBXBuildFile section */

/* Begin PBXFileReference section */
		0202ACA715767C49004DA509 /* OrtcClient.h */ = {isa = PBXFileReference; fileEncoding = 4; lastKnownFileType = sourcecode.c.h; path = OrtcClient.h; sourceTree = "<group>"; };
		02470886156E36A200FB4BF3 /* base64.c */ = {isa = PBXFileReference; fileEncoding = 4; lastKnownFileType = sourcecode.c.c; path = base64.c; sourceTree = "<group>"; };
		02470887156E36A200FB4BF3 /* base64.h */ = {isa = PBXFileReference; fileEncoding = 4; lastKnownFileType = sourcecode.c.h; path = base64.h; sourceTree = "<group>"; };
		02470888156E36A200FB4BF3 /* NSData+SRB64Additions.h */ = {isa = PBXFileReference; fileEncoding = 4; lastKnownFileType = sourcecode.c.h; path = "NSData+SRB64Additions.h"; sourceTree = "<group>"; };
		02470889156E36A200FB4BF3 /* NSData+SRB64Additions.m */ = {isa = PBXFileReference; fileEncoding = 4; lastKnownFileType = sourcecode.c.objc; path = "NSData+SRB64Additions.m"; sourceTree = "<group>"; };
		0247088A156E36A200FB4BF3 /* SocketRocket-Prefix.pch */ = {isa = PBXFileReference; fileEncoding = 4; lastKnownFileType = sourcecode.c.h; path = "SocketRocket-Prefix.pch"; sourceTree = "<group>"; };
		0247088B156E36A200FB4BF3 /* SRWebSocket.h */ = {isa = PBXFileReference; fileEncoding = 4; lastKnownFileType = sourcecode.c.h; path = SRWebSocket.h; sourceTree = "<group>"; };
		0247088C156E36A200FB4BF3 /* SRWebSocket.m */ = {isa = PBXFileReference; fileEncoding = 4; lastKnownFileType = sourcecode.c.objc; path = SRWebSocket.m; sourceTree = "<group>"; };
		02470890156E373400FB4BF3 /* libicucore.dylib */ = {isa = PBXFileReference; lastKnownFileType = "compiled.mach-o.dylib"; name = libicucore.dylib; path = usr/lib/libicucore.dylib; sourceTree = SDKROOT; };
		0299E63F15667A3300AFA253 /* OrtcClientUsage_2_0.app */ = {isa = PBXFileReference; explicitFileType = wrapper.application; includeInIndex = 0; path = OrtcClientUsage_2_0.app; sourceTree = BUILT_PRODUCTS_DIR; };
		0299E64315667A3300AFA253 /* UIKit.framework */ = {isa = PBXFileReference; lastKnownFileType = wrapper.framework; name = UIKit.framework; path = System/Library/Frameworks/UIKit.framework; sourceTree = SDKROOT; };
		0299E64515667A3300AFA253 /* Foundation.framework */ = {isa = PBXFileReference; lastKnownFileType = wrapper.framework; name = Foundation.framework; path = System/Library/Frameworks/Foundation.framework; sourceTree = SDKROOT; };
		0299E64715667A3300AFA253 /* CoreGraphics.framework */ = {isa = PBXFileReference; lastKnownFileType = wrapper.framework; name = CoreGraphics.framework; path = System/Library/Frameworks/CoreGraphics.framework; sourceTree = SDKROOT; };
		0299E64B15667A3300AFA253 /* OrtcClientUsage_2_0-Info.plist */ = {isa = PBXFileReference; lastKnownFileType = text.plist.xml; path = "OrtcClientUsage_2_0-Info.plist"; sourceTree = "<group>"; };
		0299E64D15667A3300AFA253 /* en */ = {isa = PBXFileReference; lastKnownFileType = text.plist.strings; name = en; path = en.lproj/InfoPlist.strings; sourceTree = "<group>"; };
		0299E64F15667A3300AFA253 /* main.m */ = {isa = PBXFileReference; lastKnownFileType = sourcecode.c.objc; path = main.m; sourceTree = "<group>"; };
		0299E65115667A3300AFA253 /* OrtcClientUsage_2_0-Prefix.pch */ = {isa = PBXFileReference; lastKnownFileType = sourcecode.c.h; path = "OrtcClientUsage_2_0-Prefix.pch"; sourceTree = "<group>"; };
		0299E65215667A3300AFA253 /* AppDelegate.h */ = {isa = PBXFileReference; lastKnownFileType = sourcecode.c.h; path = AppDelegate.h; sourceTree = "<group>"; };
		0299E65315667A3300AFA253 /* AppDelegate.m */ = {isa = PBXFileReference; lastKnownFileType = sourcecode.c.objc; path = AppDelegate.m; sourceTree = "<group>"; };
		0299E65615667A3300AFA253 /* en */ = {isa = PBXFileReference; lastKnownFileType = file.storyboard; name = en; path = en.lproj/MainStoryboard.storyboard; sourceTree = "<group>"; };
		0299E65815667A3300AFA253 /* ViewController.h */ = {isa = PBXFileReference; lastKnownFileType = sourcecode.c.h; path = ViewController.h; sourceTree = "<group>"; };
		0299E65915667A3300AFA253 /* ViewController.m */ = {isa = PBXFileReference; lastKnownFileType = sourcecode.c.objc; path = ViewController.m; sourceTree = "<group>"; };
		0299E66115667A3300AFA253 /* SenTestingKit.framework */ = {isa = PBXFileReference; lastKnownFileType = wrapper.framework; name = SenTestingKit.framework; path = Library/Frameworks/SenTestingKit.framework; sourceTree = DEVELOPER_DIR; };
		0299E68115667AFE00AFA253 /* checkbox_not_ticked.png */ = {isa = PBXFileReference; lastKnownFileType = image.png; path = checkbox_not_ticked.png; sourceTree = "<group>"; };
		0299E68215667AFE00AFA253 /* checkbox_ticked.png */ = {isa = PBXFileReference; lastKnownFileType = image.png; path = checkbox_ticked.png; sourceTree = "<group>"; };
		0299E68315667AFE00AFA253 /* MICheckBox.h */ = {isa = PBXFileReference; fileEncoding = 4; lastKnownFileType = sourcecode.c.h; path = MICheckBox.h; sourceTree = "<group>"; };
		0299E68415667AFE00AFA253 /* MICheckBox.m */ = {isa = PBXFileReference; fileEncoding = 4; lastKnownFileType = sourcecode.c.objc; path = MICheckBox.m; sourceTree = "<group>"; };
		0299E6C21566861C00AFA253 /* Utils.h */ = {isa = PBXFileReference; fileEncoding = 4; lastKnownFileType = sourcecode.c.h; path = Utils.h; sourceTree = "<group>"; };
		0299E6C31566861C00AFA253 /* Utils.m */ = {isa = PBXFileReference; fileEncoding = 4; lastKnownFileType = sourcecode.c.objc; path = Utils.m; sourceTree = "<group>"; };
		0299E70D15668B0900AFA253 /* CFNetwork.framework */ = {isa = PBXFileReference; lastKnownFileType = wrapper.framework; name = CFNetwork.framework; path = System/Library/Frameworks/CFNetwork.framework; sourceTree = SDKROOT; };
		02C3F99C156D007B00E9A7AB /* Security.framework */ = {isa = PBXFileReference; lastKnownFileType = wrapper.framework; name = Security.framework; path = System/Library/Frameworks/Security.framework; sourceTree = SDKROOT; };
		917116921715DF10003D85A5 /* libOrtcClient.a */ = {isa = PBXFileReference; lastKnownFileType = archive.ar; path = libOrtcClient.a; sourceTree = "<group>"; };
/* End PBXFileReference section */

/* Begin PBXFrameworksBuildPhase section */
		0299E63C15667A3300AFA253 /* Frameworks */ = {
			isa = PBXFrameworksBuildPhase;
			buildActionMask = 2147483647;
			files = (
				02C3F99D156D007B00E9A7AB /* Security.framework in Frameworks */,
				0299E70E15668B0900AFA253 /* CFNetwork.framework in Frameworks */,
				0299E64415667A3300AFA253 /* UIKit.framework in Frameworks */,
				0299E64615667A3300AFA253 /* Foundation.framework in Frameworks */,
				0299E64815667A3300AFA253 /* CoreGraphics.framework in Frameworks */,
				02470891156E373400FB4BF3 /* libicucore.dylib in Frameworks */,
				917116931715DF10003D85A5 /* libOrtcClient.a in Frameworks */,
			);
			runOnlyForDeploymentPostprocessing = 0;
		};
/* End PBXFrameworksBuildPhase section */

/* Begin PBXGroup section */
		0202AC9415767C49004DA509 /* OrtcClientLib */ = {
			isa = PBXGroup;
			children = (
				0202AC9515767C49004DA509 /* bin */,
				0202ACA615767C49004DA509 /* include */,
			);
			path = OrtcClientLib;
			sourceTree = "<group>";
		};
		0202AC9515767C49004DA509 /* bin */ = {
			isa = PBXGroup;
			children = (
				917116921715DF10003D85A5 /* libOrtcClient.a */,
			);
			path = bin;
			sourceTree = "<group>";
		};
		0202ACA615767C49004DA509 /* include */ = {
			isa = PBXGroup;
			children = (
				0202ACA715767C49004DA509 /* OrtcClient.h */,
			);
			path = include;
			sourceTree = "<group>";
		};
		02470885156E36A200FB4BF3 /* SocketRocket */ = {
			isa = PBXGroup;
			children = (
				02470886156E36A200FB4BF3 /* base64.c */,
				02470887156E36A200FB4BF3 /* base64.h */,
				02470888156E36A200FB4BF3 /* NSData+SRB64Additions.h */,
				02470889156E36A200FB4BF3 /* NSData+SRB64Additions.m */,
				0247088A156E36A200FB4BF3 /* SocketRocket-Prefix.pch */,
				0247088B156E36A200FB4BF3 /* SRWebSocket.h */,
				0247088C156E36A200FB4BF3 /* SRWebSocket.m */,
			);
			path = SocketRocket;
			sourceTree = "<group>";
		};
		0299E63415667A3300AFA253 = {
			isa = PBXGroup;
			children = (
				0299E64915667A3300AFA253 /* OrtcClientUsage_2_0 */,
				0299E64215667A3300AFA253 /* Frameworks */,
				0299E64015667A3300AFA253 /* Products */,
			);
			sourceTree = "<group>";
		};
		0299E64015667A3300AFA253 /* Products */ = {
			isa = PBXGroup;
			children = (
				0299E63F15667A3300AFA253 /* OrtcClientUsage_2_0.app */,
			);
			name = Products;
			sourceTree = "<group>";
		};
		0299E64215667A3300AFA253 /* Frameworks */ = {
			isa = PBXGroup;
			children = (
				02470890156E373400FB4BF3 /* libicucore.dylib */,
				02C3F99C156D007B00E9A7AB /* Security.framework */,
				0299E70D15668B0900AFA253 /* CFNetwork.framework */,
				0299E64315667A3300AFA253 /* UIKit.framework */,
				0299E64515667A3300AFA253 /* Foundation.framework */,
				0299E64715667A3300AFA253 /* CoreGraphics.framework */,
				0299E66115667A3300AFA253 /* SenTestingKit.framework */,
			);
			name = Frameworks;
			sourceTree = "<group>";
		};
		0299E64915667A3300AFA253 /* OrtcClientUsage_2_0 */ = {
			isa = PBXGroup;
			children = (
				0299E65215667A3300AFA253 /* AppDelegate.h */,
				0299E65315667A3300AFA253 /* AppDelegate.m */,
				0299E65515667A3300AFA253 /* MainStoryboard.storyboard */,
				0299E65815667A3300AFA253 /* ViewController.h */,
				0299E65915667A3300AFA253 /* ViewController.m */,
				0299E68015667AFE00AFA253 /* CheckBox */,
				0202AC9415767C49004DA509 /* OrtcClientLib */,
				02470885156E36A200FB4BF3 /* SocketRocket */,
				0299E6C11566861C00AFA253 /* Utils */,
				0299E64A15667A3300AFA253 /* Supporting Files */,
			);
			path = OrtcClientUsage_2_0;
			sourceTree = "<group>";
		};
		0299E64A15667A3300AFA253 /* Supporting Files */ = {
			isa = PBXGroup;
			children = (
				0299E64B15667A3300AFA253 /* OrtcClientUsage_2_0-Info.plist */,
				0299E64C15667A3300AFA253 /* InfoPlist.strings */,
				0299E64F15667A3300AFA253 /* main.m */,
				0299E65115667A3300AFA253 /* OrtcClientUsage_2_0-Prefix.pch */,
			);
			name = "Supporting Files";
			sourceTree = "<group>";
		};
		0299E68015667AFE00AFA253 /* CheckBox */ = {
			isa = PBXGroup;
			children = (
				0299E68115667AFE00AFA253 /* checkbox_not_ticked.png */,
				0299E68215667AFE00AFA253 /* checkbox_ticked.png */,
				0299E68315667AFE00AFA253 /* MICheckBox.h */,
				0299E68415667AFE00AFA253 /* MICheckBox.m */,
			);
			path = CheckBox;
			sourceTree = "<group>";
		};
		0299E6C11566861C00AFA253 /* Utils */ = {
			isa = PBXGroup;
			children = (
				0299E6C21566861C00AFA253 /* Utils.h */,
				0299E6C31566861C00AFA253 /* Utils.m */,
			);
			path = Utils;
			sourceTree = "<group>";
		};
/* End PBXGroup section */

/* Begin PBXNativeTarget section */
		0299E63E15667A3300AFA253 /* OrtcClientUsage_2_0 */ = {
			isa = PBXNativeTarget;
			buildConfigurationList = 0299E67215667A3300AFA253 /* Build configuration list for PBXNativeTarget "OrtcClientUsage_2_0" */;
			buildPhases = (
				0299E63B15667A3300AFA253 /* Sources */,
				0299E63C15667A3300AFA253 /* Frameworks */,
				0299E63D15667A3300AFA253 /* Resources */,
			);
			buildRules = (
			);
			dependencies = (
			);
			name = OrtcClientUsage_2_0;
			productName = OrtcClientUsage_2_0;
			productReference = 0299E63F15667A3300AFA253 /* OrtcClientUsage_2_0.app */;
			productType = "com.apple.product-type.application";
		};
/* End PBXNativeTarget section */

/* Begin PBXProject section */
		0299E63615667A3300AFA253 /* Project object */ = {
			isa = PBXProject;
			attributes = {
				LastUpgradeCheck = 0430;
			};
			buildConfigurationList = 0299E63915667A3300AFA253 /* Build configuration list for PBXProject "OrtcClientUsage_2_0" */;
			compatibilityVersion = "Xcode 3.2";
			developmentRegion = English;
			hasScannedForEncodings = 0;
			knownRegions = (
				en,
			);
			mainGroup = 0299E63415667A3300AFA253;
			productRefGroup = 0299E64015667A3300AFA253 /* Products */;
			projectDirPath = "";
			projectRoot = "";
			targets = (
				0299E63E15667A3300AFA253 /* OrtcClientUsage_2_0 */,
			);
		};
/* End PBXProject section */

/* Begin PBXResourcesBuildPhase section */
		0299E63D15667A3300AFA253 /* Resources */ = {
			isa = PBXResourcesBuildPhase;
			buildActionMask = 2147483647;
			files = (
				0299E64E15667A3300AFA253 /* InfoPlist.strings in Resources */,
				0299E65715667A3300AFA253 /* MainStoryboard.storyboard in Resources */,
				0299E68515667AFE00AFA253 /* checkbox_not_ticked.png in Resources */,
				0299E68615667AFE00AFA253 /* checkbox_ticked.png in Resources */,
			);
			runOnlyForDeploymentPostprocessing = 0;
		};
/* End PBXResourcesBuildPhase section */

/* Begin PBXSourcesBuildPhase section */
		0299E63B15667A3300AFA253 /* Sources */ = {
			isa = PBXSourcesBuildPhase;
			buildActionMask = 2147483647;
			files = (
				0299E65015667A3300AFA253 /* main.m in Sources */,
				0299E65415667A3300AFA253 /* AppDelegate.m in Sources */,
				0299E65A15667A3300AFA253 /* ViewController.m in Sources */,
				0299E68715667AFE00AFA253 /* MICheckBox.m in Sources */,
				0299E6C41566861C00AFA253 /* Utils.m in Sources */,
				0247088D156E36A200FB4BF3 /* base64.c in Sources */,
				0247088E156E36A200FB4BF3 /* NSData+SRB64Additions.m in Sources */,
				0247088F156E36A200FB4BF3 /* SRWebSocket.m in Sources */,
			);
			runOnlyForDeploymentPostprocessing = 0;
		};
/* End PBXSourcesBuildPhase section */

/* Begin PBXVariantGroup section */
		0299E64C15667A3300AFA253 /* InfoPlist.strings */ = {
			isa = PBXVariantGroup;
			children = (
				0299E64D15667A3300AFA253 /* en */,
			);
			name = InfoPlist.strings;
			sourceTree = "<group>";
		};
		0299E65515667A3300AFA253 /* MainStoryboard.storyboard */ = {
			isa = PBXVariantGroup;
			children = (
				0299E65615667A3300AFA253 /* en */,
			);
			name = MainStoryboard.storyboard;
			sourceTree = "<group>";
		};
/* End PBXVariantGroup section */

/* Begin XCBuildConfiguration section */
		0299E67015667A3300AFA253 /* Debug */ = {
			isa = XCBuildConfiguration;
			buildSettings = {
				ALWAYS_SEARCH_USER_PATHS = NO;
				ARCHS = "$(ARCHS_STANDARD_32_BIT)";
				CLANG_ENABLE_OBJC_ARC = YES;
				"CODE_SIGN_IDENTITY[sdk=iphoneos*]" = "iPhone Developer";
				COPY_PHASE_STRIP = NO;
				GCC_C_LANGUAGE_STANDARD = gnu99;
				GCC_DYNAMIC_NO_PIC = NO;
				GCC_OPTIMIZATION_LEVEL = 0;
				GCC_PREPROCESSOR_DEFINITIONS = (
					"DEBUG=1",
					"$(inherited)",
				);
				GCC_SYMBOLS_PRIVATE_EXTERN = NO;
				GCC_VERSION = com.apple.compilers.llvm.clang.1_0;
				GCC_WARN_ABOUT_RETURN_TYPE = YES;
				GCC_WARN_UNINITIALIZED_AUTOS = YES;
				GCC_WARN_UNUSED_VARIABLE = YES;
				HEADER_SEARCH_PATHS = "";
				IPHONEOS_DEPLOYMENT_TARGET = 6.1;
				LIBRARY_SEARCH_PATHS = "";
				OTHER_LDFLAGS = "";
				SDKROOT = iphoneos;
				VALID_ARCHS = "armv6 armv7 i386";
			};
			name = Debug;
		};
		0299E67115667A3300AFA253 /* Release */ = {
			isa = XCBuildConfiguration;
			buildSettings = {
				ALWAYS_SEARCH_USER_PATHS = NO;
				ARCHS = "$(ARCHS_STANDARD_32_BIT)";
				CLANG_ENABLE_OBJC_ARC = YES;
				"CODE_SIGN_IDENTITY[sdk=iphoneos*]" = "iPhone Developer";
				COPY_PHASE_STRIP = YES;
				GCC_C_LANGUAGE_STANDARD = gnu99;
				GCC_VERSION = com.apple.compilers.llvm.clang.1_0;
				GCC_WARN_ABOUT_RETURN_TYPE = YES;
				GCC_WARN_UNINITIALIZED_AUTOS = YES;
				GCC_WARN_UNUSED_VARIABLE = YES;
				HEADER_SEARCH_PATHS = "";
				IPHONEOS_DEPLOYMENT_TARGET = 6.1;
				LIBRARY_SEARCH_PATHS = "";
				OTHER_CFLAGS = "-DNS_BLOCK_ASSERTIONS=1";
				OTHER_LDFLAGS = "";
				SDKROOT = iphoneos;
				VALIDATE_PRODUCT = YES;
				VALID_ARCHS = "armv6 armv7 i386";
			};
			name = Release;
		};
		0299E67315667A3300AFA253 /* Debug */ = {
			isa = XCBuildConfiguration;
			buildSettings = {
				CLANG_ENABLE_OBJC_ARC = YES;
				GCC_PRECOMPILE_PREFIX_HEADER = YES;
				GCC_PREFIX_HEADER = "OrtcClientUsage_2_0/OrtcClientUsage_2_0-Prefix.pch";
				HEADER_SEARCH_PATHS = "$(inherited)";
				INFOPLIST_FILE = "OrtcClientUsage_2_0/OrtcClientUsage_2_0-Info.plist";
				LIBRARY_SEARCH_PATHS = (
					"$(inherited)",
					"\"$(SRCROOT)/../DerivedData/OrtcClientUsage_2_0/Build/Products/Debug-iphonesimulator\"",
					"\"$(SRCROOT)/../DerivedData/OrtcClientUsage_2_0/Build/Products/Release-iphonesimulator\"",
					"\"$(SRCROOT)/OrtcClientUsage_2_0\"",
					"\"$(SRCROOT)/../../Library/Developer/Xcode/DerivedData/OrtcClient-bvqotjimzyqvegfzmararsgzfxoc/Build/Products/Debug-iphonesimulator\"",
					"\"$(SRCROOT)/OrtcClientUsage_2_0/OrtcClientLib/bin\"",
				);
				OTHER_LDFLAGS = "";
				PRODUCT_NAME = "$(TARGET_NAME)";
				WRAPPER_EXTENSION = app;
			};
			name = Debug;
		};
		0299E67415667A3300AFA253 /* Release */ = {
			isa = XCBuildConfiguration;
			buildSettings = {
				CLANG_ENABLE_OBJC_ARC = YES;
				GCC_PRECOMPILE_PREFIX_HEADER = YES;
				GCC_PREFIX_HEADER = "OrtcClientUsage_2_0/OrtcClientUsage_2_0-Prefix.pch";
				HEADER_SEARCH_PATHS = "$(inherited)";
				INFOPLIST_FILE = "OrtcClientUsage_2_0/OrtcClientUsage_2_0-Info.plist";
				LIBRARY_SEARCH_PATHS = (
					"$(inherited)",
					"\"$(SRCROOT)/../DerivedData/OrtcClientUsage_2_0/Build/Products/Debug-iphonesimulator\"",
					"\"$(SRCROOT)/../DerivedData/OrtcClientUsage_2_0/Build/Products/Release-iphonesimulator\"",
					"\"$(SRCROOT)/OrtcClientUsage_2_0\"",
					"\"$(SRCROOT)/../../Library/Developer/Xcode/DerivedData/OrtcClient-bvqotjimzyqvegfzmararsgzfxoc/Build/Products/Debug-iphonesimulator\"",
					"\"$(SRCROOT)/OrtcClientUsage_2_0/OrtcClientLib/bin\"",
				);
				OTHER_LDFLAGS = "";
				PRODUCT_NAME = "$(TARGET_NAME)";
				WRAPPER_EXTENSION = app;
			};
			name = Release;
		};
/* End XCBuildConfiguration section */

/* Begin XCConfigurationList section */
		0299E63915667A3300AFA253 /* Build configuration list for PBXProject "OrtcClientUsage_2_0" */ = {
			isa = XCConfigurationList;
			buildConfigurations = (
				0299E67015667A3300AFA253 /* Debug */,
				0299E67115667A3300AFA253 /* Release */,
			);
			defaultConfigurationIsVisible = 0;
			defaultConfigurationName = Release;
		};
		0299E67215667A3300AFA253 /* Build configuration list for PBXNativeTarget "OrtcClientUsage_2_0" */ = {
			isa = XCConfigurationList;
			buildConfigurations = (
				0299E67315667A3300AFA253 /* Debug */,
				0299E67415667A3300AFA253 /* Release */,
			);
			defaultConfigurationIsVisible = 0;
			defaultConfigurationName = Release;
		};
/* End XCConfigurationList section */
	};
	rootObject = 0299E63615667A3300AFA253 /* Project object */;
}
